<?xml version="1.0" encoding="utf-8"?>
<Project ToolsVersion="4.0" xmlns="http://schemas.microsoft.com/developer/msbuild/2003">
  <ItemGroup>
    <Filter Include="Quelldateien">
      <UniqueIdentifier>{4FC737F1-C7A5-4376-A066-2A32D752A2FF}</UniqueIdentifier>
      <Extensions>cpp;c;cc;cxx;def;odl;idl;hpj;bat;asm;asmx</Extensions>
    </Filter>
    <Filter Include="Headerdateien">
      <UniqueIdentifier>{93995380-89BD-4b04-88EB-625FBE52EBFB}</UniqueIdentifier>
      <Extensions>h;hh;hpp;hxx;hm;inl;inc;xsd</Extensions>
    </Filter>
    <Filter Include="Ressourcendateien">
      <UniqueIdentifier>{67DA6AB6-F800-4c08-8B7A-83BB121AAD01}</UniqueIdentifier>
      <Extensions>rc;ico;cur;bmp;dlg;rc2;rct;bin;rgs;gif;jpg;jpeg;jpe;resx;tiff;tif;png;wav;mfcribbon-ms</Extensions>
    </Filter>
    <Filter Include="Headerdateien\Components">
      <UniqueIdentifier>{8f3fdf51-e82f-4d80-8ec8-b381caa9258e}</UniqueIdentifier>
    </Filter>
    <Filter Include="Headerdateien\ECSManager">
      <UniqueIdentifier>{2501cf22-4bf8-4711-9791-cfd07d9b4597}</UniqueIdentifier>
    </Filter>
    <Filter Include="Headerdateien\Components\ComponentSystem">
      <UniqueIdentifier>{9479a615-84a9-46a7-9b13-801405c17e5c}</UniqueIdentifier>
    </Filter>
    <Filter Include="Headerdateien\CommandSystem">
      <UniqueIdentifier>{dba16699-77d3-4e9c-963a-b744089f0f76}</UniqueIdentifier>
    </Filter>
    <Filter Include="Headerdateien\ScriptInterfaces">
      <UniqueIdentifier>{959429fa-8f97-444c-a7c3-dc9da63aa2c4}</UniqueIdentifier>
    </Filter>
    <Filter Include="Headerdateien\AI">
      <UniqueIdentifier>{deb5df2c-4bcf-40a6-9e59-cf8418d63c1c}</UniqueIdentifier>
    </Filter>
    <Filter Include="Headerdateien\Systems">
      <UniqueIdentifier>{5a29ed87-17d2-4d88-aff3-a492d3eb9ce6}</UniqueIdentifier>
    </Filter>
  </ItemGroup>
  <ItemGroup>
    <ClInclude Include="ChaiDwarfs.hpp">
      <Filter>Headerdateien</Filter>
    </ClInclude>
    <ClInclude Include="Timer.hpp">
      <Filter>Headerdateien</Filter>
    </ClInclude>
    <ClInclude Include="TerrainMap.hpp">
      <Filter>Headerdateien</Filter>
    </ClInclude>
    <ClInclude Include="BaseComponent.hpp">
      <Filter>Headerdateien\Components</Filter>
    </ClInclude>
    <ClInclude Include="Components.hpp">
      <Filter>Headerdateien\Components</Filter>
    </ClInclude>
    <ClInclude Include="ECSFactory.hpp">
      <Filter>Headerdateien\ECSManager</Filter>
    </ClInclude>
    <ClInclude Include="ComponentSystem.hpp">
      <Filter>Headerdateien\Components\ComponentSystem</Filter>
    </ClInclude>
    <ClInclude Include="Commands.hpp">
      <Filter>Headerdateien\CommandSystem</Filter>
    </ClInclude>
    <ClInclude Include="CommandSystem.hpp">
      <Filter>Headerdateien\CommandSystem</Filter>
    </ClInclude>
    <ClInclude Include="Entity.hpp">
      <Filter>Headerdateien\ECSManager</Filter>
    </ClInclude>
    <ClInclude Include="EntityManager.hpp">
      <Filter>Headerdateien\ECSManager</Filter>
    </ClInclude>
    <ClInclude Include="DwarfTerrainInterface.hpp">
      <Filter>Headerdateien\ScriptInterfaces</Filter>
    </ClInclude>
    <ClInclude Include="DwarfTerrainObjectInterface.hpp">
      <Filter>Headerdateien\ScriptInterfaces</Filter>
    </ClInclude>
    <ClInclude Include="ObjectComponentRegistrations.hpp">
      <Filter>Headerdateien\ECSManager</Filter>
    </ClInclude>
    <ClInclude Include="DwarfAI.hpp">
      <Filter>Headerdateien\AI</Filter>
    </ClInclude>
    <ClInclude Include="ChaiScriptAI.hpp">
      <Filter>Headerdateien\AI</Filter>
    </ClInclude>
    <ClInclude Include="DwarfSystem.hpp">
      <Filter>Headerdateien\Systems</Filter>
    </ClInclude>
    <ClInclude Include="TerrainObjectSystem.hpp">
      <Filter>Headerdateien\Systems</Filter>
    </ClInclude>
    <ClInclude Include="DwarfRoundActions.hpp">
      <Filter>Headerdateien\CommandSystem</Filter>
    </ClInclude>
  </ItemGroup>
  <ItemGroup>
    <ClCompile Include="main.cpp">
      <Filter>Quelldateien</Filter>
    </ClCompile>
    <ClCompile Include="DwarfTerrainInterface.cpp">
      <Filter>Quelldateien</Filter>
    </ClCompile>
    <ClCompile Include="DwarfTerrainObjectInterface.cpp">
      <Filter>Quelldateien</Filter>
    </ClCompile>
    <ClCompile Include="TerrainMap.cpp">
      <Filter>Quelldateien</Filter>
    </ClCompile>
    <ClCompile Include="Components.cpp">
      <Filter>Quelldateien</Filter>
    </ClCompile>
  </ItemGroup>
</Project>